// !$*UTF8*$!
{
	archiveVersion = 1;
	classes = {
	};
	objectVersion = 46;
	objects = {

/* Begin PBXBuildFile section */
		167316F91A1A7F0700BCDF51 /* AppDelegate.swift in Sources */ = {isa = PBXBuildFile; fileRef = 167316F81A1A7F0700BCDF51 /* AppDelegate.swift */; };
		167316FB1A1A7F0700BCDF51 /* ViewController.swift in Sources */ = {isa = PBXBuildFile; fileRef = 167316FA1A1A7F0700BCDF51 /* ViewController.swift */; };
		167316FE1A1A7F0700BCDF51 /* Main.storyboard in Resources */ = {isa = PBXBuildFile; fileRef = 167316FC1A1A7F0700BCDF51 /* Main.storyboard */; };
		167317001A1A7F0700BCDF51 /* Images.xcassets in Resources */ = {isa = PBXBuildFile; fileRef = 167316FF1A1A7F0700BCDF51 /* Images.xcassets */; };
		167317031A1A7F0700BCDF51 /* LaunchScreen.xib in Resources */ = {isa = PBXBuildFile; fileRef = 167317011A1A7F0700BCDF51 /* LaunchScreen.xib */; };
		1673170F1A1A7F0700BCDF51 /* iClockTests.swift in Sources */ = {isa = PBXBuildFile; fileRef = 1673170E1A1A7F0700BCDF51 /* iClockTests.swift */; };
		167317191A1A85C600BCDF51 /* Clock.swift in Sources */ = {isa = PBXBuildFile; fileRef = 167317181A1A85C600BCDF51 /* Clock.swift */; };
/* End PBXBuildFile section */

/* Begin PBXContainerItemProxy section */
		167317091A1A7F0700BCDF51 /* PBXContainerItemProxy */ = {
			isa = PBXContainerItemProxy;
			containerPortal = 167316EB1A1A7F0700BCDF51 /* Project object */;
			proxyType = 1;
			remoteGlobalIDString = 167316F21A1A7F0700BCDF51;
			remoteInfo = iClock;
		};
/* End PBXContainerItemProxy section */

/* Begin PBXFileReference section */
		167316F31A1A7F0700BCDF51 /* iClock.app */ = {isa = PBXFileReference; explicitFileType = wrapper.application; includeInIndex = 0; path = iClock.app; sourceTree = BUILT_PRODUCTS_DIR; };
		167316F71A1A7F0700BCDF51 /* Info.plist */ = {isa = PBXFileReference; lastKnownFileType = text.plist.xml; path = Info.plist; sourceTree = "<group>"; };
		167316F81A1A7F0700BCDF51 /* AppDelegate.swift */ = {isa = PBXFileReference; lastKnownFileType = sourcecode.swift; path = AppDelegate.swift; sourceTree = "<group>"; };
		167316FA1A1A7F0700BCDF51 /* ViewController.swift */ = {isa = PBXFileReference; lastKnownFileType = sourcecode.swift; path = ViewController.swift; sourceTree = "<group>"; };
		167316FD1A1A7F0700BCDF51 /* Base */ = {isa = PBXFileReference; lastKnownFileType = file.storyboard; name = Base; path = Base.lproj/Main.storyboard; sourceTree = "<group>"; };
		167316FF1A1A7F0700BCDF51 /* Images.xcassets */ = {isa = PBXFileReference; lastKnownFileType = folder.assetcatalog; path = Images.xcassets; sourceTree = "<group>"; };
		167317021A1A7F0700BCDF51 /* Base */ = {isa = PBXFileReference; lastKnownFileType = file.xib; name = Base; path = Base.lproj/LaunchScreen.xib; sourceTree = "<group>"; };
		167317081A1A7F0700BCDF51 /* iClockTests.xctest */ = {isa = PBXFileReference; explicitFileType = wrapper.cfbundle; includeInIndex = 0; path = iClockTests.xctest; sourceTree = BUILT_PRODUCTS_DIR; };
		1673170D1A1A7F0700BCDF51 /* Info.plist */ = {isa = PBXFileReference; lastKnownFileType = text.plist.xml; path = Info.plist; sourceTree = "<group>"; };
		1673170E1A1A7F0700BCDF51 /* iClockTests.swift */ = {isa = PBXFileReference; lastKnownFileType = sourcecode.swift; path = iClockTests.swift; sourceTree = "<group>"; };
		167317181A1A85C600BCDF51 /* Clock.swift */ = {isa = PBXFileReference; fileEncoding = 4; lastKnownFileType = sourcecode.swift; path = Clock.swift; sourceTree = "<group>"; };
/* End PBXFileReference section */

/* Begin PBXFrameworksBuildPhase section */
		167316F01A1A7F0700BCDF51 /* Frameworks */ = {
			isa = PBXFrameworksBuildPhase;
			buildActionMask = 2147483647;
			files = (
			);
			runOnlyForDeploymentPostprocessing = 0;
		};
		167317051A1A7F0700BCDF51 /* Frameworks */ = {
			isa = PBXFrameworksBuildPhase;
			buildActionMask = 2147483647;
			files = (
			);
			runOnlyForDeploymentPostprocessing = 0;
		};
/* End PBXFrameworksBuildPhase section */

/* Begin PBXGroup section */
		167316EA1A1A7F0700BCDF51 = {
			isa = PBXGroup;
			children = (
				167316F51A1A7F0700BCDF51 /* iClock */,
				1673170B1A1A7F0700BCDF51 /* iClockTests */,
				167316F41A1A7F0700BCDF51 /* Products */,
			);
			sourceTree = "<group>";
		};
		167316F41A1A7F0700BCDF51 /* Products */ = {
			isa = PBXGroup;
			children = (
				167316F31A1A7F0700BCDF51 /* iClock.app */,
				167317081A1A7F0700BCDF51 /* iClockTests.xctest */,
			);
			name = Products;
			sourceTree = "<group>";
		};
		167316F51A1A7F0700BCDF51 /* iClock */ = {
			isa = PBXGroup;
			children = (
				167317181A1A85C600BCDF51 /* Clock.swift */,
				167316F81A1A7F0700BCDF51 /* AppDelegate.swift */,
				167316FA1A1A7F0700BCDF51 /* ViewController.swift */,
				167316FC1A1A7F0700BCDF51 /* Main.storyboard */,
				167316FF1A1A7F0700BCDF51 /* Images.xcassets */,
				167317011A1A7F0700BCDF51 /* LaunchScreen.xib */,
				167316F61A1A7F0700BCDF51 /* Supporting Files */,
			);
			path = iClock;
			sourceTree = "<group>";
		};
		167316F61A1A7F0700BCDF51 /* Supporting Files */ = {
			isa = PBXGroup;
			children = (
				167316F71A1A7F0700BCDF51 /* Info.plist */,
			);
			name = "Supporting Files";
			sourceTree = "<group>";
		};
		1673170B1A1A7F0700BCDF51 /* iClockTests */ = {
			isa = PBXGroup;
			children = (
				1673170E1A1A7F0700BCDF51 /* iClockTests.swift */,
				1673170C1A1A7F0700BCDF51 /* Supporting Files */,
			);
			path = iClockTests;
			sourceTree = "<group>";
		};
		1673170C1A1A7F0700BCDF51 /* Supporting Files */ = {
			isa = PBXGroup;
			children = (
				1673170D1A1A7F0700BCDF51 /* Info.plist */,
			);
			name = "Supporting Files";
			sourceTree = "<group>";
		};
/* End PBXGroup section */

/* Begin PBXNativeTarget section */
		167316F21A1A7F0700BCDF51 /* iClock */ = {
			isa = PBXNativeTarget;
			buildConfigurationList = 167317121A1A7F0700BCDF51 /* Build configuration list for PBXNativeTarget "iClock" */;
			buildPhases = (
				167316EF1A1A7F0700BCDF51 /* Sources */,
				167316F01A1A7F0700BCDF51 /* Frameworks */,
				167316F11A1A7F0700BCDF51 /* Resources */,
			);
			buildRules = (
			);
			dependencies = (
			);
			name = iClock;
			productName = iClock;
			productReference = 167316F31A1A7F0700BCDF51 /* iClock.app */;
			productType = "com.apple.product-type.application";
		};
		167317071A1A7F0700BCDF51 /* iClockTests */ = {
			isa = PBXNativeTarget;
			buildConfigurationList = 167317151A1A7F0700BCDF51 /* Build configuration list for PBXNativeTarget "iClockTests" */;
			buildPhases = (
				167317041A1A7F0700BCDF51 /* Sources */,
				167317051A1A7F0700BCDF51 /* Frameworks */,
				167317061A1A7F0700BCDF51 /* Resources */,
			);
			buildRules = (
			);
			dependencies = (
				1673170A1A1A7F0700BCDF51 /* PBXTargetDependency */,
			);
			name = iClockTests;
			productName = iClockTests;
			productReference = 167317081A1A7F0700BCDF51 /* iClockTests.xctest */;
			productType = "com.apple.product-type.bundle.unit-test";
		};
/* End PBXNativeTarget section */

/* Begin PBXProject section */
		167316EB1A1A7F0700BCDF51 /* Project object */ = {
			isa = PBXProject;
			attributes = {
				LastUpgradeCheck = 0610;
				ORGANIZATIONNAME = "Phillip Carter-Tracy";
				TargetAttributes = {
					167316F21A1A7F0700BCDF51 = {
						CreatedOnToolsVersion = 6.1;
					};
					167317071A1A7F0700BCDF51 = {
						CreatedOnToolsVersion = 6.1;
						TestTargetID = 167316F21A1A7F0700BCDF51;
					};
				};
			};
			buildConfigurationList = 167316EE1A1A7F0700BCDF51 /* Build configuration list for PBXProject "iClock" */;
			compatibilityVersion = "Xcode 3.2";
			developmentRegion = English;
			hasScannedForEncodings = 0;
			knownRegions = (
				en,
				Base,
			);
			mainGroup = 167316EA1A1A7F0700BCDF51;
			productRefGroup = 167316F41A1A7F0700BCDF51 /* Products */;
			projectDirPath = "";
			projectRoot = "";
			targets = (
				167316F21A1A7F0700BCDF51 /* iClock */,
				167317071A1A7F0700BCDF51 /* iClockTests */,
			);
		};
/* End PBXProject section */

/* Begin PBXResourcesBuildPhase section */
		167316F11A1A7F0700BCDF51 /* Resources */ = {
			isa = PBXResourcesBuildPhase;
			buildActionMask = 2147483647;
			files = (
				167316FE1A1A7F0700BCDF51 /* Main.storyboard in Resources */,
				167317031A1A7F0700BCDF51 /* LaunchScreen.xib in Resources */,
				167317001A1A7F0700BCDF51 /* Images.xcassets in Resources */,
			);
			runOnlyForDeploymentPostprocessing = 0;
		};
		167317061A1A7F0700BCDF51 /* Resources */ = {
			isa = PBXResourcesBuildPhase;
			buildActionMask = 2147483647;
			files = (
			);
			runOnlyForDeploymentPostprocessing = 0;
		};
/* End PBXResourcesBuildPhase section */

/* Begin PBXSourcesBuildPhase section */
		167316EF1A1A7F0700BCDF51 /* Sources */ = {
			isa = PBXSourcesBuildPhase;
			buildActionMask = 2147483647;
			files = (
				167317191A1A85C600BCDF51 /* Clock.swift in Sources */,
				167316FB1A1A7F0700BCDF51 /* ViewController.swift in Sources */,
				167316F91A1A7F0700BCDF51 /* AppDelegate.swift in Sources */,
			);
			runOnlyForDeploymentPostprocessing = 0;
		};
		167317041A1A7F0700BCDF51 /* Sources */ = {
			isa = PBXSourcesBuildPhase;
			buildActionMask = 2147483647;
			files = (
				1673170F1A1A7F0700BCDF51 /* iClockTests.swift in Sources */,
			);
			runOnlyForDeploymentPostprocessing = 0;
		};
/* End PBXSourcesBuildPhase section */

/* Begin PBXTargetDependency section */
		1673170A1A1A7F0700BCDF51 /* PBXTargetDependency */ = {
			isa = PBXTargetDependency;
			target = 167316F21A1A7F0700BCDF51 /* iClock */;
			targetProxy = 167317091A1A7F0700BCDF51 /* PBXContainerItemProxy */;
		};
/* End PBXTargetDependency section */

/* Begin PBXVariantGroup section */
		167316FC1A1A7F0700BCDF51 /* Main.storyboard */ = {
			isa = PBXVariantGroup;
			children = (
				167316FD1A1A7F0700BCDF51 /* Base */,
			);
			name = Main.storyboard;
			sourceTree = "<group>";
		};
		167317011A1A7F0700BCDF51 /* LaunchScreen.xib */ = {
			isa = PBXVariantGroup;
			children = (
				167317021A1A7F0700BCDF51 /* Base */,
			);
			name = LaunchScreen.xib;
			sourceTree = "<group>";
		};
/* End PBXVariantGroup section */

/* Begin XCBuildConfiguration section */
		167317101A1A7F0700BCDF51 /* Debug */ = {
			isa = XCBuildConfiguration;
			buildSettings = {
				ALWAYS_SEARCH_USER_PATHS = NO;
				CLANG_CXX_LANGUAGE_STANDARD = "gnu++0x";
				CLANG_CXX_LIBRARY = "libc++";
				CLANG_ENABLE_MODULES = YES;
				CLANG_ENABLE_OBJC_ARC = YES;
				CLANG_WARN_BOOL_CONVERSION = YES;
				CLANG_WARN_CONSTANT_CONVERSION = YES;
				CLANG_WARN_DIRECT_OBJC_ISA_USAGE = YES_ERROR;
				CLANG_WARN_EMPTY_BODY = YES;
				CLANG_WARN_ENUM_CONVERSION = YES;
				CLANG_WARN_INT_CONVERSION = YES;
				CLANG_WARN_OBJC_ROOT_CLASS = YES_ERROR;
				CLANG_WARN_UNREACHABLE_CODE = YES;
				CLANG_WARN__DUPLICATE_METHOD_MATCH = YES;
				"CODE_SIGN_IDENTITY[sdk=iphoneos*]" = "iPhone Developer";
				COPY_PHASE_STRIP = NO;
				ENABLE_STRICT_OBJC_MSGSEND = YES;
				GCC_C_LANGUAGE_STANDARD = gnu99;
				GCC_DYNAMIC_NO_PIC = NO;
				GCC_OPTIMIZATION_LEVEL = 0;
				GCC_PREPROCESSOR_DEFINITIONS = (
					"DEBUG=1",
					"$(inherited)",
				);
				GCC_SYMBOLS_PRIVATE_EXTERN = NO;
				GCC_WARN_64_TO_32_BIT_CONVERSION = YES;
				GCC_WARN_ABOUT_RETURN_TYPE = YES_ERROR;
				GCC_WARN_UNDECLARED_SELECTOR = YES;
				GCC_WARN_UNINITIALIZED_AUTOS = YES_AGGRESSIVE;
				GCC_WARN_UNUSED_FUNCTION = YES;
				GCC_WARN_UNUSED_VARIABLE = YES;
				IPHONEOS_DEPLOYMENT_TARGET = 8.1;
				MTL_ENABLE_DEBUG_INFO = YES;
				ONLY_ACTIVE_ARCH = YES;
				SDKROOT = iphoneos;
				SWIFT_OPTIMIZATION_LEVEL = "-Onone";
				TARGETED_DEVICE_FAMILY = "1,2";
			};
			name = Debug;
		};
		167317111A1A7F0700BCDF51 /* Release */ = {
			isa = XCBuildConfiguration;
			buildSettings = {
				ALWAYS_SEARCH_USER_PATHS = NO;
				CLANG_CXX_LANGUAGE_STANDARD = "gnu++0x";
				CLANG_CXX_LIBRARY = "libc++";
				CLANG_ENABLE_MODULES = YES;
				CLANG_ENABLE_OBJC_ARC = YES;
				CLANG_WARN_BOOL_CONVERSION = YES;
				CLANG_WARN_CONSTANT_CONVERSION = YES;
				CLANG_WARN_DIRECT_OBJC_ISA_USAGE = YES_ERROR;
				CLANG_WARN_EMPTY_BODY = YES;
				CLANG_WARN_ENUM_CONVERSION = YES;
				CLANG_WARN_INT_CONVERSION = YES;
				CLANG_WARN_OBJC_ROOT_CLASS = YES_ERROR;
				CLANG_WARN_UNREACHABLE_CODE = YES;
				CLANG_WARN__DUPLICATE_METHOD_MATCH = YES;
				"CODE_SIGN_IDENTITY[sdk=iphoneos*]" = "iPhone Developer";
				COPY_PHASE_STRIP = YES;
				ENABLE_NS_ASSERTIONS = NO;
				ENABLE_STRICT_OBJC_MSGSEND = YES;
				GCC_C_LANGUAGE_STANDARD = gnu99;
				GCC_WARN_64_TO_32_BIT_CONVERSION = YES;
				GCC_WARN_ABOUT_RETURN_TYPE = YES_ERROR;
				GCC_WARN_UNDECLARED_SELECTOR = YES;
				GCC_WARN_UNINITIALIZED_AUTOS = YES_AGGRESSIVE;
				GCC_WARN_UNUSED_FUNCTION = YES;
				GCC_WARN_UNUSED_VARIABLE = YES;
				IPHONEOS_DEPLOYMENT_TARGET = 8.1;
				MTL_ENABLE_DEBUG_INFO = NO;
				SDKROOT = iphoneos;
				TARGETED_DEVICE_FAMILY = "1,2";
				VALIDATE_PRODUCT = YES;
			};
			name = Release;
		};
		167317131A1A7F0700BCDF51 /* Debug */ = {
			isa = XCBuildConfiguration;
			buildSettings = {
				ASSETCATALOG_COMPILER_APPICON_NAME = AppIcon;
				INFOPLIST_FILE = iClock/Info.plist;
				LD_RUNPATH_SEARCH_PATHS = "$(inherited) @executable_path/Frameworks";
				PRODUCT_NAME = "$(TARGET_NAME)";
			};
			name = Debug;
		};
		167317141A1A7F0700BCDF51 /* Release */ = {
			isa = XCBuildConfiguration;
			buildSettings = {
				ASSETCATALOG_COMPILER_APPICON_NAME = AppIcon;
				INFOPLIST_FILE = iClock/Info.plist;
				LD_RUNPATH_SEARCH_PATHS = "$(inherited) @executable_path/Frameworks";
				PRODUCT_NAME = "$(TARGET_NAME)";
			};
			name = Release;
		};
		167317161A1A7F0700BCDF51 /* Debug */ = {
			isa = XCBuildConfiguration;
			buildSettings = {
				BUNDLE_LOADER = "$(TEST_HOST)";
				FRAMEWORK_SEARCH_PATHS = (
					"$(SDKROOT)/Developer/Library/Frameworks",
					"$(inherited)",
				);
				GCC_PREPROCESSOR_DEFINITIONS = (
					"DEBUG=1",
					"$(inherited)",
				);
				INFOPLIST_FILE = iClockTests/Info.plist;
				LD_RUNPATH_SEARCH_PATHS = "$(inherited) @executable_path/Frameworks @loader_path/Frameworks";
				PRODUCT_NAME = "$(TARGET_NAME)";
				TEST_HOST = "$(BUILT_PRODUCTS_DIR)/iClock.app/iClock";
			};
			name = Debug;
		};
		167317171A1A7F0700BCDF51 /* Release */ = {
			isa = XCBuildConfiguration;
			buildSettings = {
				BUNDLE_LOADER = "$(TEST_HOST)";
				FRAMEWORK_SEARCH_PATHS = (
					"$(SDKROOT)/Developer/Library/Frameworks",
					"$(inherited)",
				);
				INFOPLIST_FILE = iClockTests/Info.plist;
				LD_RUNPATH_SEARCH_PATHS = "$(inherited) @executable_path/Frameworks @loader_path/Frameworks";
				PRODUCT_NAME = "$(TARGET_NAME)";
				TEST_HOST = "$(BUILT_PRODUCTS_DIR)/iClock.app/iClock";
			};
			name = Release;
		};
/* End XCBuildConfiguration section */

/* Begin XCConfigurationList section */
		167316EE1A1A7F0700BCDF51 /* Build configuration list for PBXProject "iClock" */ = {
			isa = XCConfigurationList;
			buildConfigurations = (
				167317101A1A7F0700BCDF51 /* Debug */,
				167317111A1A7F0700BCDF51 /* Release */,
			);
			defaultConfigurationIsVisible = 0;
			defaultConfigurationName = Release;
		};
		167317121A1A7F0700BCDF51 /* Build configuration list for PBXNativeTarget "iClock" */ = {
			isa = XCConfigurationList;
			buildConfigurations = (
				167317131A1A7F0700BCDF51 /* Debug */,
				167317141A1A7F0700BCDF51 /* Release */,
			);
			defaultConfigurationIsVisible = 0;
		};
		167317151A1A7F0700BCDF51 /* Build configuration list for PBXNativeTarget "iClockTests" */ = {
			isa = XCConfigurationList;
			buildConfigurations = (
				167317161A1A7F0700BCDF51 /* Debug */,
				167317171A1A7F0700BCDF51 /* Release */,
			);
			defaultConfigurationIsVisible = 0;
		};
/* End XCConfigurationList section */
	};
	rootObject = 167316EB1A1A7F0700BCDF51 /* Project object */;
}
