// !$*UTF8*$!
{
	archiveVersion = 1;
	classes = {
	};
	objectVersion = 46;
	objects = {

/* Begin PBXBuildFile section */
		16D949601A2CF3E9004736D9 /* AppDelegate.swift in Sources */ = {isa = PBXBuildFile; fileRef = 16D9495F1A2CF3E9004736D9 /* AppDelegate.swift */; };
		16D949621A2CF3E9004736D9 /* ViewController.swift in Sources */ = {isa = PBXBuildFile; fileRef = 16D949611A2CF3E9004736D9 /* ViewController.swift */; };
		16D949651A2CF3E9004736D9 /* Main.storyboard in Resources */ = {isa = PBXBuildFile; fileRef = 16D949631A2CF3E9004736D9 /* Main.storyboard */; };
		16D949671A2CF3E9004736D9 /* Images.xcassets in Resources */ = {isa = PBXBuildFile; fileRef = 16D949661A2CF3E9004736D9 /* Images.xcassets */; };
		16D9496A1A2CF3E9004736D9 /* LaunchScreen.xib in Resources */ = {isa = PBXBuildFile; fileRef = 16D949681A2CF3E9004736D9 /* LaunchScreen.xib */; };
		16D949761A2CF3E9004736D9 /* MultViewsTests.swift in Sources */ = {isa = PBXBuildFile; fileRef = 16D949751A2CF3E9004736D9 /* MultViewsTests.swift */; };
/* End PBXBuildFile section */

/* Begin PBXContainerItemProxy section */
		16D949701A2CF3E9004736D9 /* PBXContainerItemProxy */ = {
			isa = PBXContainerItemProxy;
			containerPortal = 16D949521A2CF3E9004736D9 /* Project object */;
			proxyType = 1;
			remoteGlobalIDString = 16D949591A2CF3E9004736D9;
			remoteInfo = MultViews;
		};
/* End PBXContainerItemProxy section */

/* Begin PBXFileReference section */
		16D9495A1A2CF3E9004736D9 /* MultViews.app */ = {isa = PBXFileReference; explicitFileType = wrapper.application; includeInIndex = 0; path = MultViews.app; sourceTree = BUILT_PRODUCTS_DIR; };
		16D9495E1A2CF3E9004736D9 /* Info.plist */ = {isa = PBXFileReference; lastKnownFileType = text.plist.xml; path = Info.plist; sourceTree = "<group>"; };
		16D9495F1A2CF3E9004736D9 /* AppDelegate.swift */ = {isa = PBXFileReference; lastKnownFileType = sourcecode.swift; path = AppDelegate.swift; sourceTree = "<group>"; };
		16D949611A2CF3E9004736D9 /* ViewController.swift */ = {isa = PBXFileReference; lastKnownFileType = sourcecode.swift; path = ViewController.swift; sourceTree = "<group>"; };
		16D949641A2CF3E9004736D9 /* Base */ = {isa = PBXFileReference; lastKnownFileType = file.storyboard; name = Base; path = Base.lproj/Main.storyboard; sourceTree = "<group>"; };
		16D949661A2CF3E9004736D9 /* Images.xcassets */ = {isa = PBXFileReference; lastKnownFileType = folder.assetcatalog; path = Images.xcassets; sourceTree = "<group>"; };
		16D949691A2CF3E9004736D9 /* Base */ = {isa = PBXFileReference; lastKnownFileType = file.xib; name = Base; path = Base.lproj/LaunchScreen.xib; sourceTree = "<group>"; };
		16D9496F1A2CF3E9004736D9 /* MultViewsTests.xctest */ = {isa = PBXFileReference; explicitFileType = wrapper.cfbundle; includeInIndex = 0; path = MultViewsTests.xctest; sourceTree = BUILT_PRODUCTS_DIR; };
		16D949741A2CF3E9004736D9 /* Info.plist */ = {isa = PBXFileReference; lastKnownFileType = text.plist.xml; path = Info.plist; sourceTree = "<group>"; };
		16D949751A2CF3E9004736D9 /* MultViewsTests.swift */ = {isa = PBXFileReference; lastKnownFileType = sourcecode.swift; path = MultViewsTests.swift; sourceTree = "<group>"; };
/* End PBXFileReference section */

/* Begin PBXFrameworksBuildPhase section */
		16D949571A2CF3E9004736D9 /* Frameworks */ = {
			isa = PBXFrameworksBuildPhase;
			buildActionMask = 2147483647;
			files = (
			);
			runOnlyForDeploymentPostprocessing = 0;
		};
		16D9496C1A2CF3E9004736D9 /* Frameworks */ = {
			isa = PBXFrameworksBuildPhase;
			buildActionMask = 2147483647;
			files = (
			);
			runOnlyForDeploymentPostprocessing = 0;
		};
/* End PBXFrameworksBuildPhase section */

/* Begin PBXGroup section */
		16D949511A2CF3E9004736D9 = {
			isa = PBXGroup;
			children = (
				16D9495C1A2CF3E9004736D9 /* MultViews */,
				16D949721A2CF3E9004736D9 /* MultViewsTests */,
				16D9495B1A2CF3E9004736D9 /* Products */,
			);
			sourceTree = "<group>";
		};
		16D9495B1A2CF3E9004736D9 /* Products */ = {
			isa = PBXGroup;
			children = (
				16D9495A1A2CF3E9004736D9 /* MultViews.app */,
				16D9496F1A2CF3E9004736D9 /* MultViewsTests.xctest */,
			);
			name = Products;
			sourceTree = "<group>";
		};
		16D9495C1A2CF3E9004736D9 /* MultViews */ = {
			isa = PBXGroup;
			children = (
				16D9495F1A2CF3E9004736D9 /* AppDelegate.swift */,
				16D949611A2CF3E9004736D9 /* ViewController.swift */,
				16D949631A2CF3E9004736D9 /* Main.storyboard */,
				16D949661A2CF3E9004736D9 /* Images.xcassets */,
				16D949681A2CF3E9004736D9 /* LaunchScreen.xib */,
				16D9495D1A2CF3E9004736D9 /* Supporting Files */,
			);
			path = MultViews;
			sourceTree = "<group>";
		};
		16D9495D1A2CF3E9004736D9 /* Supporting Files */ = {
			isa = PBXGroup;
			children = (
				16D9495E1A2CF3E9004736D9 /* Info.plist */,
			);
			name = "Supporting Files";
			sourceTree = "<group>";
		};
		16D949721A2CF3E9004736D9 /* MultViewsTests */ = {
			isa = PBXGroup;
			children = (
				16D949751A2CF3E9004736D9 /* MultViewsTests.swift */,
				16D949731A2CF3E9004736D9 /* Supporting Files */,
			);
			path = MultViewsTests;
			sourceTree = "<group>";
		};
		16D949731A2CF3E9004736D9 /* Supporting Files */ = {
			isa = PBXGroup;
			children = (
				16D949741A2CF3E9004736D9 /* Info.plist */,
			);
			name = "Supporting Files";
			sourceTree = "<group>";
		};
/* End PBXGroup section */

/* Begin PBXNativeTarget section */
		16D949591A2CF3E9004736D9 /* MultViews */ = {
			isa = PBXNativeTarget;
			buildConfigurationList = 16D949791A2CF3E9004736D9 /* Build configuration list for PBXNativeTarget "MultViews" */;
			buildPhases = (
				16D949561A2CF3E9004736D9 /* Sources */,
				16D949571A2CF3E9004736D9 /* Frameworks */,
				16D949581A2CF3E9004736D9 /* Resources */,
			);
			buildRules = (
			);
			dependencies = (
			);
			name = MultViews;
			productName = MultViews;
			productReference = 16D9495A1A2CF3E9004736D9 /* MultViews.app */;
			productType = "com.apple.product-type.application";
		};
		16D9496E1A2CF3E9004736D9 /* MultViewsTests */ = {
			isa = PBXNativeTarget;
			buildConfigurationList = 16D9497C1A2CF3E9004736D9 /* Build configuration list for PBXNativeTarget "MultViewsTests" */;
			buildPhases = (
				16D9496B1A2CF3E9004736D9 /* Sources */,
				16D9496C1A2CF3E9004736D9 /* Frameworks */,
				16D9496D1A2CF3E9004736D9 /* Resources */,
			);
			buildRules = (
			);
			dependencies = (
				16D949711A2CF3E9004736D9 /* PBXTargetDependency */,
			);
			name = MultViewsTests;
			productName = MultViewsTests;
			productReference = 16D9496F1A2CF3E9004736D9 /* MultViewsTests.xctest */;
			productType = "com.apple.product-type.bundle.unit-test";
		};
/* End PBXNativeTarget section */

/* Begin PBXProject section */
		16D949521A2CF3E9004736D9 /* Project object */ = {
			isa = PBXProject;
			attributes = {
				LastUpgradeCheck = 0610;
				ORGANIZATIONNAME = "Phillip Carter-Tracy";
				TargetAttributes = {
					16D949591A2CF3E9004736D9 = {
						CreatedOnToolsVersion = 6.1;
						DevelopmentTeam = F69WJ27LN4;
					};
					16D9496E1A2CF3E9004736D9 = {
						CreatedOnToolsVersion = 6.1;
						TestTargetID = 16D949591A2CF3E9004736D9;
					};
				};
			};
			buildConfigurationList = 16D949551A2CF3E9004736D9 /* Build configuration list for PBXProject "MultViews" */;
			compatibilityVersion = "Xcode 3.2";
			developmentRegion = English;
			hasScannedForEncodings = 0;
			knownRegions = (
				en,
				Base,
			);
			mainGroup = 16D949511A2CF3E9004736D9;
			productRefGroup = 16D9495B1A2CF3E9004736D9 /* Products */;
			projectDirPath = "";
			projectRoot = "";
			targets = (
				16D949591A2CF3E9004736D9 /* MultViews */,
				16D9496E1A2CF3E9004736D9 /* MultViewsTests */,
			);
		};
/* End PBXProject section */

/* Begin PBXResourcesBuildPhase section */
		16D949581A2CF3E9004736D9 /* Resources */ = {
			isa = PBXResourcesBuildPhase;
			buildActionMask = 2147483647;
			files = (
				16D949651A2CF3E9004736D9 /* Main.storyboard in Resources */,
				16D9496A1A2CF3E9004736D9 /* LaunchScreen.xib in Resources */,
				16D949671A2CF3E9004736D9 /* Images.xcassets in Resources */,
			);
			runOnlyForDeploymentPostprocessing = 0;
		};
		16D9496D1A2CF3E9004736D9 /* Resources */ = {
			isa = PBXResourcesBuildPhase;
			buildActionMask = 2147483647;
			files = (
			);
			runOnlyForDeploymentPostprocessing = 0;
		};
/* End PBXResourcesBuildPhase section */

/* Begin PBXSourcesBuildPhase section */
		16D949561A2CF3E9004736D9 /* Sources */ = {
			isa = PBXSourcesBuildPhase;
			buildActionMask = 2147483647;
			files = (
				16D949621A2CF3E9004736D9 /* ViewController.swift in Sources */,
				16D949601A2CF3E9004736D9 /* AppDelegate.swift in Sources */,
			);
			runOnlyForDeploymentPostprocessing = 0;
		};
		16D9496B1A2CF3E9004736D9 /* Sources */ = {
			isa = PBXSourcesBuildPhase;
			buildActionMask = 2147483647;
			files = (
				16D949761A2CF3E9004736D9 /* MultViewsTests.swift in Sources */,
			);
			runOnlyForDeploymentPostprocessing = 0;
		};
/* End PBXSourcesBuildPhase section */

/* Begin PBXTargetDependency section */
		16D949711A2CF3E9004736D9 /* PBXTargetDependency */ = {
			isa = PBXTargetDependency;
			target = 16D949591A2CF3E9004736D9 /* MultViews */;
			targetProxy = 16D949701A2CF3E9004736D9 /* PBXContainerItemProxy */;
		};
/* End PBXTargetDependency section */

/* Begin PBXVariantGroup section */
		16D949631A2CF3E9004736D9 /* Main.storyboard */ = {
			isa = PBXVariantGroup;
			children = (
				16D949641A2CF3E9004736D9 /* Base */,
			);
			name = Main.storyboard;
			sourceTree = "<group>";
		};
		16D949681A2CF3E9004736D9 /* LaunchScreen.xib */ = {
			isa = PBXVariantGroup;
			children = (
				16D949691A2CF3E9004736D9 /* Base */,
			);
			name = LaunchScreen.xib;
			sourceTree = "<group>";
		};
/* End PBXVariantGroup section */

/* Begin XCBuildConfiguration section */
		16D949771A2CF3E9004736D9 /* Debug */ = {
			isa = XCBuildConfiguration;
			buildSettings = {
				ALWAYS_SEARCH_USER_PATHS = NO;
				CLANG_CXX_LANGUAGE_STANDARD = "gnu++0x";
				CLANG_CXX_LIBRARY = "libc++";
				CLANG_ENABLE_MODULES = YES;
				CLANG_ENABLE_OBJC_ARC = YES;
				CLANG_WARN_BOOL_CONVERSION = YES;
				CLANG_WARN_CONSTANT_CONVERSION = YES;
				CLANG_WARN_DIRECT_OBJC_ISA_USAGE = YES_ERROR;
				CLANG_WARN_EMPTY_BODY = YES;
				CLANG_WARN_ENUM_CONVERSION = YES;
				CLANG_WARN_INT_CONVERSION = YES;
				CLANG_WARN_OBJC_ROOT_CLASS = YES_ERROR;
				CLANG_WARN_UNREACHABLE_CODE = YES;
				CLANG_WARN__DUPLICATE_METHOD_MATCH = YES;
				"CODE_SIGN_IDENTITY[sdk=iphoneos*]" = "iPhone Developer";
				COPY_PHASE_STRIP = NO;
				ENABLE_STRICT_OBJC_MSGSEND = YES;
				GCC_C_LANGUAGE_STANDARD = gnu99;
				GCC_DYNAMIC_NO_PIC = NO;
				GCC_OPTIMIZATION_LEVEL = 0;
				GCC_PREPROCESSOR_DEFINITIONS = (
					"DEBUG=1",
					"$(inherited)",
				);
				GCC_SYMBOLS_PRIVATE_EXTERN = NO;
				GCC_WARN_64_TO_32_BIT_CONVERSION = YES;
				GCC_WARN_ABOUT_RETURN_TYPE = YES_ERROR;
				GCC_WARN_UNDECLARED_SELECTOR = YES;
				GCC_WARN_UNINITIALIZED_AUTOS = YES_AGGRESSIVE;
				GCC_WARN_UNUSED_FUNCTION = YES;
				GCC_WARN_UNUSED_VARIABLE = YES;
				IPHONEOS_DEPLOYMENT_TARGET = 8.1;
				MTL_ENABLE_DEBUG_INFO = YES;
				ONLY_ACTIVE_ARCH = YES;
				SDKROOT = iphoneos;
				SWIFT_OPTIMIZATION_LEVEL = "-Onone";
				TARGETED_DEVICE_FAMILY = "1,2";
			};
			name = Debug;
		};
		16D949781A2CF3E9004736D9 /* Release */ = {
			isa = XCBuildConfiguration;
			buildSettings = {
				ALWAYS_SEARCH_USER_PATHS = NO;
				CLANG_CXX_LANGUAGE_STANDARD = "gnu++0x";
				CLANG_CXX_LIBRARY = "libc++";
				CLANG_ENABLE_MODULES = YES;
				CLANG_ENABLE_OBJC_ARC = YES;
				CLANG_WARN_BOOL_CONVERSION = YES;
				CLANG_WARN_CONSTANT_CONVERSION = YES;
				CLANG_WARN_DIRECT_OBJC_ISA_USAGE = YES_ERROR;
				CLANG_WARN_EMPTY_BODY = YES;
				CLANG_WARN_ENUM_CONVERSION = YES;
				CLANG_WARN_INT_CONVERSION = YES;
				CLANG_WARN_OBJC_ROOT_CLASS = YES_ERROR;
				CLANG_WARN_UNREACHABLE_CODE = YES;
				CLANG_WARN__DUPLICATE_METHOD_MATCH = YES;
				"CODE_SIGN_IDENTITY[sdk=iphoneos*]" = "iPhone Developer";
				COPY_PHASE_STRIP = YES;
				ENABLE_NS_ASSERTIONS = NO;
				ENABLE_STRICT_OBJC_MSGSEND = YES;
				GCC_C_LANGUAGE_STANDARD = gnu99;
				GCC_WARN_64_TO_32_BIT_CONVERSION = YES;
				GCC_WARN_ABOUT_RETURN_TYPE = YES_ERROR;
				GCC_WARN_UNDECLARED_SELECTOR = YES;
				GCC_WARN_UNINITIALIZED_AUTOS = YES_AGGRESSIVE;
				GCC_WARN_UNUSED_FUNCTION = YES;
				GCC_WARN_UNUSED_VARIABLE = YES;
				IPHONEOS_DEPLOYMENT_TARGET = 8.1;
				MTL_ENABLE_DEBUG_INFO = NO;
				SDKROOT = iphoneos;
				TARGETED_DEVICE_FAMILY = "1,2";
				VALIDATE_PRODUCT = YES;
			};
			name = Release;
		};
		16D9497A1A2CF3E9004736D9 /* Debug */ = {
			isa = XCBuildConfiguration;
			buildSettings = {
				ASSETCATALOG_COMPILER_APPICON_NAME = AppIcon;
				INFOPLIST_FILE = MultViews/Info.plist;
				LD_RUNPATH_SEARCH_PATHS = "$(inherited) @executable_path/Frameworks";
				PRODUCT_NAME = "$(TARGET_NAME)";
			};
			name = Debug;
		};
		16D9497B1A2CF3E9004736D9 /* Release */ = {
			isa = XCBuildConfiguration;
			buildSettings = {
				ASSETCATALOG_COMPILER_APPICON_NAME = AppIcon;
				INFOPLIST_FILE = MultViews/Info.plist;
				LD_RUNPATH_SEARCH_PATHS = "$(inherited) @executable_path/Frameworks";
				PRODUCT_NAME = "$(TARGET_NAME)";
			};
			name = Release;
		};
		16D9497D1A2CF3E9004736D9 /* Debug */ = {
			isa = XCBuildConfiguration;
			buildSettings = {
				BUNDLE_LOADER = "$(TEST_HOST)";
				FRAMEWORK_SEARCH_PATHS = (
					"$(SDKROOT)/Developer/Library/Frameworks",
					"$(inherited)",
				);
				GCC_PREPROCESSOR_DEFINITIONS = (
					"DEBUG=1",
					"$(inherited)",
				);
				INFOPLIST_FILE = MultViewsTests/Info.plist;
				LD_RUNPATH_SEARCH_PATHS = "$(inherited) @executable_path/Frameworks @loader_path/Frameworks";
				PRODUCT_NAME = "$(TARGET_NAME)";
				TEST_HOST = "$(BUILT_PRODUCTS_DIR)/MultViews.app/MultViews";
			};
			name = Debug;
		};
		16D9497E1A2CF3E9004736D9 /* Release */ = {
			isa = XCBuildConfiguration;
			buildSettings = {
				BUNDLE_LOADER = "$(TEST_HOST)";
				FRAMEWORK_SEARCH_PATHS = (
					"$(SDKROOT)/Developer/Library/Frameworks",
					"$(inherited)",
				);
				INFOPLIST_FILE = MultViewsTests/Info.plist;
				LD_RUNPATH_SEARCH_PATHS = "$(inherited) @executable_path/Frameworks @loader_path/Frameworks";
				PRODUCT_NAME = "$(TARGET_NAME)";
				TEST_HOST = "$(BUILT_PRODUCTS_DIR)/MultViews.app/MultViews";
			};
			name = Release;
		};
/* End XCBuildConfiguration section */

/* Begin XCConfigurationList section */
		16D949551A2CF3E9004736D9 /* Build configuration list for PBXProject "MultViews" */ = {
			isa = XCConfigurationList;
			buildConfigurations = (
				16D949771A2CF3E9004736D9 /* Debug */,
				16D949781A2CF3E9004736D9 /* Release */,
			);
			defaultConfigurationIsVisible = 0;
			defaultConfigurationName = Release;
		};
		16D949791A2CF3E9004736D9 /* Build configuration list for PBXNativeTarget "MultViews" */ = {
			isa = XCConfigurationList;
			buildConfigurations = (
				16D9497A1A2CF3E9004736D9 /* Debug */,
				16D9497B1A2CF3E9004736D9 /* Release */,
			);
			defaultConfigurationIsVisible = 0;
		};
		16D9497C1A2CF3E9004736D9 /* Build configuration list for PBXNativeTarget "MultViewsTests" */ = {
			isa = XCConfigurationList;
			buildConfigurations = (
				16D9497D1A2CF3E9004736D9 /* Debug */,
				16D9497E1A2CF3E9004736D9 /* Release */,
			);
			defaultConfigurationIsVisible = 0;
		};
/* End XCConfigurationList section */
	};
	rootObject = 16D949521A2CF3E9004736D9 /* Project object */;
}
